<?xml version="1.0" encoding="UTF-8"?>
<!DOCTYPE plist PUBLIC "-//Apple//DTD PLIST 1.0//EN" "http://www.apple.com/DTDs/PropertyList-1.0.dtd">
<plist version="1.0">
<dict>
	<key>archiveVersion</key>
	<string>1</string>
	<key>classes</key>
	<dict/>
	<key>objectVersion</key>
	<string>46</string>
	<key>objects</key>
	<dict>
		<key>3104BAEE1AA9E5D7003E884D</key>
		<dict>
			<key>fileEncoding</key>
			<string>4</string>
			<key>isa</key>
			<string>PBXFileReference</string>
			<key>lastKnownFileType</key>
			<string>sourcecode.swift</string>
			<key>lineEnding</key>
			<string>0</string>
			<key>path</key>
			<string>Stop.swift</string>
			<key>sourceTree</key>
			<string>&lt;group&gt;</string>
			<key>xcLanguageSpecificationIdentifier</key>
			<string>xcode.lang.swift</string>
		</dict>
		<key>3104BAEF1AA9E5D7003E884D</key>
		<dict>
			<key>fileRef</key>
			<string>3104BAEE1AA9E5D7003E884D</string>
			<key>isa</key>
			<string>PBXBuildFile</string>
		</dict>
		<key>3104BAF01AA9E653003E884D</key>
		<dict>
			<key>fileEncoding</key>
			<string>4</string>
			<key>isa</key>
			<string>PBXFileReference</string>
			<key>lastKnownFileType</key>
			<string>sourcecode.swift</string>
			<key>lineEnding</key>
			<string>0</string>
			<key>path</key>
			<string>FindStopsByRouteIdResponse.swift</string>
			<key>sourceTree</key>
			<string>&lt;group&gt;</string>
			<key>xcLanguageSpecificationIdentifier</key>
			<string>xcode.lang.swift</string>
		</dict>
		<key>3104BAF11AA9E653003E884D</key>
		<dict>
			<key>fileRef</key>
			<string>3104BAF01AA9E653003E884D</string>
			<key>isa</key>
			<string>PBXBuildFile</string>
		</dict>
		<key>3104BAF21AA9E72E003E884D</key>
		<dict>
			<key>fileEncoding</key>
			<string>4</string>
			<key>isa</key>
			<string>PBXFileReference</string>
			<key>lastKnownFileType</key>
			<string>sourcecode.swift</string>
			<key>lineEnding</key>
			<string>0</string>
			<key>path</key>
			<string>FindStopsByRouteIdRequest.swift</string>
			<key>sourceTree</key>
			<string>&lt;group&gt;</string>
			<key>xcLanguageSpecificationIdentifier</key>
			<string>xcode.lang.swift</string>
		</dict>
		<key>3104BAF31AA9E72E003E884D</key>
		<dict>
			<key>fileRef</key>
			<string>3104BAF21AA9E72E003E884D</string>
			<key>isa</key>
			<string>PBXBuildFile</string>
		</dict>
		<key>3104BAF41AAA3972003E884D</key>
		<dict>
			<key>fileEncoding</key>
			<string>4</string>
			<key>isa</key>
			<string>PBXFileReference</string>
			<key>lastKnownFileType</key>
			<string>sourcecode.swift</string>
			<key>lineEnding</key>
			<string>0</string>
			<key>path</key>
			<string>LoadingView.swift</string>
			<key>sourceTree</key>
			<string>&lt;group&gt;</string>
			<key>xcLanguageSpecificationIdentifier</key>
			<string>xcode.lang.swift</string>
		</dict>
		<key>3104BAF51AAA3972003E884D</key>
		<dict>
			<key>fileRef</key>
			<string>3104BAF41AAA3972003E884D</string>
			<key>isa</key>
			<string>PBXBuildFile</string>
		</dict>
		<key>3115E4701AA8D8A000E1E9F9</key>
		<dict>
			<key>fileEncoding</key>
			<string>4</string>
			<key>isa</key>
			<string>PBXFileReference</string>
			<key>lastKnownFileType</key>
			<string>sourcecode.swift</string>
			<key>path</key>
			<string>FindRouteByNameRequest.swift</string>
			<key>sourceTree</key>
			<string>&lt;group&gt;</string>
		</dict>
		<key>3115E4711AA8D8A000E1E9F9</key>
		<dict>
			<key>fileRef</key>
			<string>3115E4701AA8D8A000E1E9F9</string>
			<key>isa</key>
			<string>PBXBuildFile</string>
		</dict>
		<key>3115E4721AA8DB8C00E1E9F9</key>
		<dict>
			<key>fileEncoding</key>
			<string>4</string>
			<key>isa</key>
			<string>PBXFileReference</string>
			<key>lastKnownFileType</key>
			<string>sourcecode.c.h</string>
			<key>path</key>
			<string>RequestError.h</string>
			<key>sourceTree</key>
			<string>&lt;group&gt;</string>
		</dict>
		<key>3115E4731AA8DB8C00E1E9F9</key>
		<dict>
			<key>fileEncoding</key>
			<string>4</string>
			<key>isa</key>
			<string>PBXFileReference</string>
			<key>lastKnownFileType</key>
			<string>sourcecode.c.objc</string>
			<key>path</key>
			<string>RequestError.m</string>
			<key>sourceTree</key>
			<string>&lt;group&gt;</string>
		</dict>
		<key>3115E4741AA8DB8C00E1E9F9</key>
		<dict>
			<key>fileRef</key>
			<string>3115E4731AA8DB8C00E1E9F9</string>
			<key>isa</key>
			<string>PBXBuildFile</string>
		</dict>
		<key>3115E4761AA8E24900E1E9F9</key>
		<dict>
			<key>fileRef</key>
			<string>31E845521AA8C69A00FAC42E</string>
			<key>isa</key>
			<string>PBXBuildFile</string>
		</dict>
		<key>3115E4771AA8E24C00E1E9F9</key>
		<dict>
			<key>fileRef</key>
			<string>3115E4731AA8DB8C00E1E9F9</string>
			<key>isa</key>
			<string>PBXBuildFile</string>
		</dict>
		<key>3115E4781AA8E25300E1E9F9</key>
		<dict>
			<key>fileRef</key>
			<string>31E8454F1AA8C67E00FAC42E</string>
			<key>isa</key>
			<string>PBXBuildFile</string>
		</dict>
		<key>3115E4791AA8E2F100E1E9F9</key>
		<dict>
			<key>isa</key>
			<string>PBXFileReference</string>
			<key>lastKnownFileType</key>
			<string>sourcecode.c.h</string>
			<key>lineEnding</key>
			<string>0</string>
			<key>path</key>
			<string>FloripaBusRoutesTests-Bridging-Header.h</string>
			<key>sourceTree</key>
			<string>&lt;group&gt;</string>
			<key>xcLanguageSpecificationIdentifier</key>
			<string>xcode.lang.objcpp</string>
		</dict>
		<key>31230E511AA8F1C30049650A</key>
		<dict>
			<key>children</key>
			<array>
				<string>31230E531AA8F2C30049650A</string>
				<string>31230E521AA8F1CE0049650A</string>
				<string>31E845491AA8C53300FAC42E</string>
			</array>
			<key>isa</key>
			<string>PBXGroup</string>
			<key>name</key>
			<string>DenninDalkeCore</string>
			<key>sourceTree</key>
			<string>&lt;group&gt;</string>
		</dict>
		<key>31230E521AA8F1CE0049650A</key>
		<dict>
			<key>children</key>
			<array>
				<string>31E8454E1AA8C67E00FAC42E</string>
				<string>31E8454F1AA8C67E00FAC42E</string>
				<string>31E845511AA8C69A00FAC42E</string>
				<string>31E845521AA8C69A00FAC42E</string>
				<string>3115E4721AA8DB8C00E1E9F9</string>
				<string>3115E4731AA8DB8C00E1E9F9</string>
			</array>
			<key>isa</key>
			<string>PBXGroup</string>
			<key>name</key>
			<string>Network</string>
			<key>sourceTree</key>
			<string>&lt;group&gt;</string>
		</dict>
		<key>31230E531AA8F2C30049650A</key>
		<dict>
			<key>children</key>
			<array>
				<string>31971E081AA8C8A60037B44D</string>
				<string>31971E091AA8C8A60037B44D</string>
			</array>
			<key>isa</key>
			<string>PBXGroup</string>
			<key>name</key>
			<string>Model</string>
			<key>sourceTree</key>
			<string>&lt;group&gt;</string>
		</dict>
		<key>31230E541AA8F33A0049650A</key>
		<dict>
			<key>fileEncoding</key>
			<string>4</string>
			<key>isa</key>
			<string>PBXFileReference</string>
			<key>lastKnownFileType</key>
			<string>sourcecode.swift</string>
			<key>lineEnding</key>
			<string>0</string>
			<key>path</key>
			<string>FindRouteByNameResponse.swift</string>
			<key>sourceTree</key>
			<string>&lt;group&gt;</string>
			<key>xcLanguageSpecificationIdentifier</key>
			<string>xcode.lang.swift</string>
		</dict>
		<key>31230E551AA8F33A0049650A</key>
		<dict>
			<key>fileRef</key>
			<string>31230E541AA8F33A0049650A</string>
			<key>isa</key>
			<string>PBXBuildFile</string>
		</dict>
		<key>31230E561AA8F5AC0049650A</key>
		<dict>
			<key>fileEncoding</key>
			<string>4</string>
			<key>isa</key>
			<string>PBXFileReference</string>
			<key>lastKnownFileType</key>
			<string>sourcecode.swift</string>
			<key>lineEnding</key>
			<string>0</string>
			<key>path</key>
			<string>Route.swift</string>
			<key>sourceTree</key>
			<string>&lt;group&gt;</string>
			<key>xcLanguageSpecificationIdentifier</key>
			<string>xcode.lang.swift</string>
		</dict>
		<key>31230E571AA8F5AC0049650A</key>
		<dict>
			<key>fileRef</key>
			<string>31230E561AA8F5AC0049650A</string>
			<key>isa</key>
			<string>PBXBuildFile</string>
		</dict>
		<key>31230E581AA8FC410049650A</key>
		<dict>
			<key>fileEncoding</key>
			<string>4</string>
			<key>isa</key>
			<string>PBXFileReference</string>
			<key>lastKnownFileType</key>
			<string>sourcecode.swift</string>
			<key>lineEnding</key>
			<string>0</string>
			<key>path</key>
			<string>BaseFloripaBusRoutesResponse.swift</string>
			<key>sourceTree</key>
			<string>&lt;group&gt;</string>
			<key>xcLanguageSpecificationIdentifier</key>
			<string>xcode.lang.swift</string>
		</dict>
		<key>31230E591AA8FC410049650A</key>
		<dict>
			<key>fileRef</key>
			<string>31230E581AA8FC410049650A</string>
			<key>isa</key>
			<string>PBXBuildFile</string>
		</dict>
		<key>31230E5A1AA8FDD80049650A</key>
		<dict>
			<key>fileEncoding</key>
			<string>4</string>
			<key>isa</key>
			<string>PBXFileReference</string>
			<key>lastKnownFileType</key>
			<string>sourcecode.swift</string>
			<key>lineEnding</key>
			<string>0</string>
			<key>path</key>
			<string>FindDeparturesByRouteIdResponse.swift</string>
			<key>sourceTree</key>
			<string>&lt;group&gt;</string>
			<key>xcLanguageSpecificationIdentifier</key>
			<string>xcode.lang.swift</string>
		</dict>
		<key>31230E5B1AA8FDD80049650A</key>
		<dict>
			<key>fileRef</key>
			<string>31230E5A1AA8FDD80049650A</string>
			<key>isa</key>
			<string>PBXBuildFile</string>
		</dict>
		<key>31230E5C1AA8FE1E0049650A</key>
		<dict>
			<key>fileEncoding</key>
			<string>4</string>
			<key>isa</key>
			<string>PBXFileReference</string>
			<key>lastKnownFileType</key>
			<string>sourcecode.swift</string>
			<key>lineEnding</key>
			<string>0</string>
			<key>path</key>
			<string>Departure.swift</string>
			<key>sourceTree</key>
			<string>&lt;group&gt;</string>
			<key>xcLanguageSpecificationIdentifier</key>
			<string>xcode.lang.swift</string>
		</dict>
		<key>31230E5D1AA8FE1E0049650A</key>
		<dict>
			<key>fileRef</key>
			<string>31230E5C1AA8FE1E0049650A</string>
			<key>isa</key>
			<string>PBXBuildFile</string>
		</dict>
		<key>31230E5E1AA901710049650A</key>
		<dict>
			<key>fileEncoding</key>
			<string>4</string>
			<key>isa</key>
			<string>PBXFileReference</string>
			<key>lastKnownFileType</key>
			<string>sourcecode.swift</string>
			<key>lineEnding</key>
			<string>0</string>
			<key>path</key>
			<string>FindDeparturesByRouteIdRequest.swift</string>
			<key>sourceTree</key>
			<string>&lt;group&gt;</string>
			<key>xcLanguageSpecificationIdentifier</key>
			<string>xcode.lang.swift</string>
		</dict>
		<key>31230E5F1AA901710049650A</key>
		<dict>
			<key>fileRef</key>
			<string>31230E5E1AA901710049650A</string>
			<key>isa</key>
			<string>PBXBuildFile</string>
		</dict>
		<key>31230E601AA901F60049650A</key>
		<dict>
			<key>fileEncoding</key>
			<string>4</string>
			<key>isa</key>
			<string>PBXFileReference</string>
			<key>lastKnownFileType</key>
			<string>sourcecode.swift</string>
			<key>lineEnding</key>
			<string>0</string>
			<key>path</key>
			<string>BaseFloripaBusRouteRequest.swift</string>
			<key>sourceTree</key>
			<string>&lt;group&gt;</string>
			<key>xcLanguageSpecificationIdentifier</key>
			<string>xcode.lang.swift</string>
		</dict>
		<key>31230E611AA901F60049650A</key>
		<dict>
			<key>fileRef</key>
			<string>31230E601AA901F60049650A</string>
			<key>isa</key>
			<string>PBXBuildFile</string>
		</dict>
		<key>31230E621AA920D60049650A</key>
		<dict>
			<key>fileEncoding</key>
			<string>4</string>
			<key>isa</key>
			<string>PBXFileReference</string>
			<key>lastKnownFileType</key>
			<string>sourcecode.swift</string>
			<key>lineEnding</key>
			<string>0</string>
			<key>name</key>
			<string>DetailsViewController.swift</string>
			<key>path</key>
			<string>ViewControllers/DetailsViewController.swift</string>
			<key>sourceTree</key>
			<string>&lt;group&gt;</string>
			<key>xcLanguageSpecificationIdentifier</key>
			<string>xcode.lang.swift</string>
		</dict>
		<key>31230E631AA920D60049650A</key>
		<dict>
			<key>fileRef</key>
			<string>31230E621AA920D60049650A</string>
			<key>isa</key>
			<string>PBXBuildFile</string>
		</dict>
		<key>31971E081AA8C8A60037B44D</key>
		<dict>
			<key>fileEncoding</key>
			<string>4</string>
			<key>isa</key>
			<string>PBXFileReference</string>
			<key>lastKnownFileType</key>
			<string>sourcecode.c.h</string>
			<key>path</key>
			<string>BaseModel.h</string>
			<key>sourceTree</key>
			<string>&lt;group&gt;</string>
		</dict>
		<key>31971E091AA8C8A60037B44D</key>
		<dict>
			<key>fileEncoding</key>
			<string>4</string>
			<key>isa</key>
			<string>PBXFileReference</string>
			<key>lastKnownFileType</key>
			<string>sourcecode.c.objc</string>
			<key>path</key>
			<string>BaseModel.m</string>
			<key>sourceTree</key>
			<string>&lt;group&gt;</string>
		</dict>
		<key>31971E0A1AA8C8A60037B44D</key>
		<dict>
			<key>fileRef</key>
			<string>31971E091AA8C8A60037B44D</string>
			<key>isa</key>
			<string>PBXBuildFile</string>
		</dict>
		<key>31971E0B1AA8C9780037B44D</key>
		<dict>
			<key>fileEncoding</key>
			<string>4</string>
			<key>isa</key>
			<string>PBXFileReference</string>
			<key>lastKnownFileType</key>
			<string>sourcecode.c.h</string>
			<key>path</key>
			<string>JSONUtils.h</string>
			<key>sourceTree</key>
			<string>&lt;group&gt;</string>
		</dict>
		<key>31971E0C1AA8C9780037B44D</key>
		<dict>
			<key>fileEncoding</key>
			<string>4</string>
			<key>isa</key>
			<string>PBXFileReference</string>
			<key>lastKnownFileType</key>
			<string>sourcecode.c.objc</string>
			<key>path</key>
			<string>JSONUtils.m</string>
			<key>sourceTree</key>
			<string>&lt;group&gt;</string>
		</dict>
		<key>31971E0D1AA8C9780037B44D</key>
		<dict>
			<key>fileRef</key>
			<string>31971E0C1AA8C9780037B44D</string>
			<key>isa</key>
			<string>PBXBuildFile</string>
		</dict>
		<key>31971E0E1AA8CB0A0037B44D</key>
		<dict>
			<key>fileEncoding</key>
			<string>4</string>
			<key>isa</key>
			<string>PBXFileReference</string>
			<key>lastKnownFileType</key>
			<string>sourcecode.c.h</string>
			<key>path</key>
			<string>AppConfig.h</string>
			<key>sourceTree</key>
			<string>&lt;group&gt;</string>
		</dict>
		<key>31E845131AA8B7C500FAC42E</key>
		<dict>
			<key>children</key>
			<array>
				<string>31E8451E1AA8B7C500FAC42E</string>
				<string>31E845341AA8B7C600FAC42E</string>
				<string>31E8451D1AA8B7C500FAC42E</string>
				<string>DA0F75801384D875D82D9052</string>
				<string>7A9D7C23A6108CA0367079F4</string>
			</array>
			<key>isa</key>
			<string>PBXGroup</string>
			<key>sourceTree</key>
			<string>&lt;group&gt;</string>
		</dict>
		<key>31E845141AA8B7C500FAC42E</key>
		<dict>
			<key>attributes</key>
			<dict>
				<key>LastUpgradeCheck</key>
				<string>0610</string>
				<key>ORGANIZATIONNAME</key>
				<string>Dennin Dalke</string>
				<key>TargetAttributes</key>
				<dict>
					<key>31E8451B1AA8B7C500FAC42E</key>
					<dict>
						<key>CreatedOnToolsVersion</key>
						<string>6.1.1</string>
					</dict>
					<key>31E845301AA8B7C600FAC42E</key>
					<dict>
						<key>CreatedOnToolsVersion</key>
						<string>6.1.1</string>
						<key>TestTargetID</key>
						<string>31E8451B1AA8B7C500FAC42E</string>
					</dict>
				</dict>
			</dict>
			<key>buildConfigurationList</key>
			<string>31E845171AA8B7C500FAC42E</string>
			<key>compatibilityVersion</key>
			<string>Xcode 3.2</string>
			<key>developmentRegion</key>
			<string>English</string>
			<key>hasScannedForEncodings</key>
			<string>0</string>
			<key>isa</key>
			<string>PBXProject</string>
			<key>knownRegions</key>
			<array>
				<string>en</string>
				<string>Base</string>
			</array>
			<key>mainGroup</key>
			<string>31E845131AA8B7C500FAC42E</string>
			<key>productRefGroup</key>
			<string>31E8451D1AA8B7C500FAC42E</string>
			<key>projectDirPath</key>
			<string></string>
			<key>projectReferences</key>
			<array/>
			<key>projectRoot</key>
			<string></string>
			<key>targets</key>
			<array>
				<string>31E8451B1AA8B7C500FAC42E</string>
				<string>31E845301AA8B7C600FAC42E</string>
			</array>
		</dict>
		<key>31E845171AA8B7C500FAC42E</key>
		<dict>
			<key>buildConfigurations</key>
			<array>
				<string>31E845391AA8B7C600FAC42E</string>
				<string>31E8453A1AA8B7C600FAC42E</string>
			</array>
			<key>defaultConfigurationIsVisible</key>
			<string>0</string>
			<key>defaultConfigurationName</key>
			<string>Release</string>
			<key>isa</key>
			<string>XCConfigurationList</string>
		</dict>
		<key>31E845181AA8B7C500FAC42E</key>
		<dict>
			<key>buildActionMask</key>
			<string>2147483647</string>
			<key>files</key>
			<array>
				<string>31230E611AA901F60049650A</string>
				<string>31230E551AA8F33A0049650A</string>
				<string>31E8454D1AA8C58C00FAC42E</string>
				<string>3104BAF51AAA3972003E884D</string>
				<string>3104BAF11AA9E653003E884D</string>
				<string>31971E0D1AA8C9780037B44D</string>
				<string>31230E5F1AA901710049650A</string>
				<string>3115E4711AA8D8A000E1E9F9</string>
				<string>31E845241AA8B7C500FAC42E</string>
				<string>3104BAEF1AA9E5D7003E884D</string>
				<string>31E845501AA8C67E00FAC42E</string>
				<string>31230E591AA8FC410049650A</string>
				<string>31971E0A1AA8C8A60037B44D</string>
				<string>31E845481AA8BC2C00FAC42E</string>
				<string>31230E631AA920D60049650A</string>
				<string>31230E5D1AA8FE1E0049650A</string>
				<string>31E845531AA8C69A00FAC42E</string>
				<string>31230E571AA8F5AC0049650A</string>
				<string>3104BAF31AA9E72E003E884D</string>
				<string>3115E4741AA8DB8C00E1E9F9</string>
				<string>31230E5B1AA8FDD80049650A</string>
				<string>31E845221AA8B7C500FAC42E</string>
			</array>
			<key>isa</key>
			<string>PBXSourcesBuildPhase</string>
			<key>runOnlyForDeploymentPostprocessing</key>
			<string>0</string>
		</dict>
		<key>31E845191AA8B7C500FAC42E</key>
		<dict>
			<key>buildActionMask</key>
			<string>2147483647</string>
			<key>files</key>
			<array>
				<string>B155E02CCB1DDB2B8BAAB9AD</string>
			</array>
			<key>isa</key>
			<string>PBXFrameworksBuildPhase</string>
			<key>runOnlyForDeploymentPostprocessing</key>
			<string>0</string>
		</dict>
		<key>31E8451A1AA8B7C500FAC42E</key>
		<dict>
			<key>buildActionMask</key>
			<string>2147483647</string>
			<key>files</key>
			<array>
				<string>31E845271AA8B7C500FAC42E</string>
				<string>31E8452C1AA8B7C500FAC42E</string>
				<string>31E845291AA8B7C500FAC42E</string>
			</array>
			<key>isa</key>
			<string>PBXResourcesBuildPhase</string>
			<key>runOnlyForDeploymentPostprocessing</key>
			<string>0</string>
		</dict>
		<key>31E8451B1AA8B7C500FAC42E</key>
		<dict>
			<key>buildConfigurationList</key>
			<string>31E8453B1AA8B7C600FAC42E</string>
			<key>buildPhases</key>
			<array>
				<string>E75ED5E911C0098DA9A26E3B</string>
				<string>31E845181AA8B7C500FAC42E</string>
				<string>31E845191AA8B7C500FAC42E</string>
				<string>31E8451A1AA8B7C500FAC42E</string>
				<string>9D268B38CFC140284A77A20E</string>
			</array>
			<key>buildRules</key>
			<array/>
			<key>dependencies</key>
			<array/>
			<key>isa</key>
			<string>PBXNativeTarget</string>
			<key>name</key>
			<string>FloripaBusRoutes</string>
			<key>productName</key>
			<string>FloripaBusRoutes</string>
			<key>productReference</key>
			<string>31E8451C1AA8B7C500FAC42E</string>
			<key>productType</key>
			<string>com.apple.product-type.application</string>
		</dict>
		<key>31E8451C1AA8B7C500FAC42E</key>
		<dict>
			<key>explicitFileType</key>
			<string>wrapper.application</string>
			<key>includeInIndex</key>
			<string>0</string>
			<key>isa</key>
			<string>PBXFileReference</string>
			<key>path</key>
			<string>FloripaBusRoutes.app</string>
			<key>sourceTree</key>
			<string>BUILT_PRODUCTS_DIR</string>
		</dict>
		<key>31E8451D1AA8B7C500FAC42E</key>
		<dict>
			<key>children</key>
			<array>
				<string>31E8451C1AA8B7C500FAC42E</string>
				<string>31E845311AA8B7C600FAC42E</string>
			</array>
			<key>isa</key>
			<string>PBXGroup</string>
			<key>name</key>
			<string>Products</string>
			<key>sourceTree</key>
			<string>&lt;group&gt;</string>
		</dict>
		<key>31E8451E1AA8B7C500FAC42E</key>
		<dict>
			<key>children</key>
			<array>
				<string>31E845211AA8B7C500FAC42E</string>
				<string>31E845461AA8B95700FAC42E</string>
				<string>31E845421AA8B92100FAC42E</string>
				<string>31E845411AA8B91700FAC42E</string>
				<string>31E845431AA8B92900FAC42E</string>
				<string>31E8451F1AA8B7C500FAC42E</string>
				<string>31230E511AA8F1C30049650A</string>
			</array>
			<key>isa</key>
			<string>PBXGroup</string>
			<key>path</key>
			<string>FloripaBusRoutes</string>
			<key>sourceTree</key>
			<string>&lt;group&gt;</string>
		</dict>
		<key>31E8451F1AA8B7C500FAC42E</key>
		<dict>
			<key>children</key>
			<array>
				<string>31E845201AA8B7C500FAC42E</string>
				<string>31971E0E1AA8CB0A0037B44D</string>
				<string>31E8454A1AA8C58B00FAC42E</string>
			</array>
			<key>isa</key>
			<string>PBXGroup</string>
			<key>name</key>
			<string>Supporting Files</string>
			<key>sourceTree</key>
			<string>&lt;group&gt;</string>
		</dict>
		<key>31E845201AA8B7C500FAC42E</key>
		<dict>
			<key>isa</key>
			<string>PBXFileReference</string>
			<key>lastKnownFileType</key>
			<string>text.plist.xml</string>
			<key>path</key>
			<string>Info.plist</string>
			<key>sourceTree</key>
			<string>&lt;group&gt;</string>
		</dict>
		<key>31E845211AA8B7C500FAC42E</key>
		<dict>
			<key>isa</key>
			<string>PBXFileReference</string>
			<key>lastKnownFileType</key>
			<string>sourcecode.swift</string>
			<key>path</key>
			<string>AppDelegate.swift</string>
			<key>sourceTree</key>
			<string>&lt;group&gt;</string>
		</dict>
		<key>31E845221AA8B7C500FAC42E</key>
		<dict>
			<key>fileRef</key>
			<string>31E845211AA8B7C500FAC42E</string>
			<key>isa</key>
			<string>PBXBuildFile</string>
		</dict>
		<key>31E845231AA8B7C500FAC42E</key>
		<dict>
			<key>isa</key>
			<string>PBXFileReference</string>
			<key>lastKnownFileType</key>
			<string>sourcecode.swift</string>
			<key>path</key>
			<string>ViewController.swift</string>
			<key>sourceTree</key>
			<string>&lt;group&gt;</string>
		</dict>
		<key>31E845241AA8B7C500FAC42E</key>
		<dict>
			<key>fileRef</key>
			<string>31E845231AA8B7C500FAC42E</string>
			<key>isa</key>
			<string>PBXBuildFile</string>
		</dict>
		<key>31E845251AA8B7C500FAC42E</key>
		<dict>
			<key>children</key>
			<array>
				<string>31E845261AA8B7C500FAC42E</string>
			</array>
			<key>isa</key>
			<string>PBXVariantGroup</string>
			<key>name</key>
			<string>Main.storyboard</string>
			<key>sourceTree</key>
			<string>&lt;group&gt;</string>
		</dict>
		<key>31E845261AA8B7C500FAC42E</key>
		<dict>
			<key>isa</key>
			<string>PBXFileReference</string>
			<key>lastKnownFileType</key>
			<string>file.storyboard</string>
			<key>name</key>
			<string>Base</string>
			<key>path</key>
			<string>Base.lproj/Main.storyboard</string>
			<key>sourceTree</key>
			<string>&lt;group&gt;</string>
		</dict>
		<key>31E845271AA8B7C500FAC42E</key>
		<dict>
			<key>fileRef</key>
			<string>31E845251AA8B7C500FAC42E</string>
			<key>isa</key>
			<string>PBXBuildFile</string>
		</dict>
		<key>31E845281AA8B7C500FAC42E</key>
		<dict>
			<key>isa</key>
			<string>PBXFileReference</string>
			<key>lastKnownFileType</key>
			<string>folder.assetcatalog</string>
			<key>path</key>
			<string>Images.xcassets</string>
			<key>sourceTree</key>
			<string>&lt;group&gt;</string>
		</dict>
		<key>31E845291AA8B7C500FAC42E</key>
		<dict>
			<key>fileRef</key>
			<string>31E845281AA8B7C500FAC42E</string>
			<key>isa</key>
			<string>PBXBuildFile</string>
		</dict>
		<key>31E8452A1AA8B7C500FAC42E</key>
		<dict>
			<key>children</key>
			<array>
				<string>31E8452B1AA8B7C500FAC42E</string>
			</array>
			<key>isa</key>
			<string>PBXVariantGroup</string>
			<key>name</key>
			<string>LaunchScreen.xib</string>
			<key>sourceTree</key>
			<string>&lt;group&gt;</string>
		</dict>
		<key>31E8452B1AA8B7C500FAC42E</key>
		<dict>
			<key>isa</key>
			<string>PBXFileReference</string>
			<key>lastKnownFileType</key>
			<string>file.xib</string>
			<key>name</key>
			<string>Base</string>
			<key>path</key>
			<string>Base.lproj/LaunchScreen.xib</string>
			<key>sourceTree</key>
			<string>&lt;group&gt;</string>
		</dict>
		<key>31E8452C1AA8B7C500FAC42E</key>
		<dict>
			<key>fileRef</key>
			<string>31E8452A1AA8B7C500FAC42E</string>
			<key>isa</key>
			<string>PBXBuildFile</string>
		</dict>
		<key>31E8452D1AA8B7C600FAC42E</key>
		<dict>
			<key>buildActionMask</key>
			<string>2147483647</string>
			<key>files</key>
			<array>
				<string>3115E4771AA8E24C00E1E9F9</string>
				<string>3115E4781AA8E25300E1E9F9</string>
				<string>3115E4761AA8E24900E1E9F9</string>
				<string>31E845381AA8B7C600FAC42E</string>
			</array>
			<key>isa</key>
			<string>PBXSourcesBuildPhase</string>
			<key>runOnlyForDeploymentPostprocessing</key>
			<string>0</string>
		</dict>
		<key>31E8452E1AA8B7C600FAC42E</key>
		<dict>
			<key>buildActionMask</key>
			<string>2147483647</string>
			<key>files</key>
			<array/>
			<key>isa</key>
			<string>PBXFrameworksBuildPhase</string>
			<key>runOnlyForDeploymentPostprocessing</key>
			<string>0</string>
		</dict>
		<key>31E8452F1AA8B7C600FAC42E</key>
		<dict>
			<key>buildActionMask</key>
			<string>2147483647</string>
			<key>files</key>
			<array/>
			<key>isa</key>
			<string>PBXResourcesBuildPhase</string>
			<key>runOnlyForDeploymentPostprocessing</key>
			<string>0</string>
		</dict>
		<key>31E845301AA8B7C600FAC42E</key>
		<dict>
			<key>buildConfigurationList</key>
			<string>31E8453E1AA8B7C600FAC42E</string>
			<key>buildPhases</key>
			<array>
				<string>31E8452D1AA8B7C600FAC42E</string>
				<string>31E8452E1AA8B7C600FAC42E</string>
				<string>31E8452F1AA8B7C600FAC42E</string>
			</array>
			<key>buildRules</key>
			<array/>
			<key>dependencies</key>
			<array>
				<string>31E845331AA8B7C600FAC42E</string>
			</array>
			<key>isa</key>
			<string>PBXNativeTarget</string>
			<key>name</key>
			<string>FloripaBusRoutesFloripaBusRoutess</string>
			<key>productName</key>
			<string>FloripaBusRoutesTests</string>
			<key>productReference</key>
			<string>31E845311AA8B7C600FAC42E</string>
			<key>productType</key>
			<string>com.apple.product-type.bundle.unit-test</string>
		</dict>
		<key>31E845311AA8B7C600FAC42E</key>
		<dict>
			<key>explicitFileType</key>
			<string>wrapper.cfbundle</string>
			<key>includeInIndex</key>
			<string>0</string>
			<key>isa</key>
			<string>PBXFileReference</string>
			<key>path</key>
			<string>FloripaBusRoutesFloripaBusRoutess.xctest</string>
			<key>sourceTree</key>
			<string>BUILT_PRODUCTS_DIR</string>
		</dict>
		<key>31E845321AA8B7C600FAC42E</key>
		<dict>
			<key>containerPortal</key>
			<string>31E845141AA8B7C500FAC42E</string>
			<key>isa</key>
			<string>PBXContainerItemProxy</string>
			<key>proxyType</key>
			<string>1</string>
			<key>remoteGlobalIDString</key>
			<string>31E8451B1AA8B7C500FAC42E</string>
			<key>remoteInfo</key>
			<string>FloripaBusRoutes</string>
		</dict>
		<key>31E845331AA8B7C600FAC42E</key>
		<dict>
			<key>isa</key>
			<string>PBXTargetDependency</string>
			<key>target</key>
			<string>31E8451B1AA8B7C500FAC42E</string>
			<key>targetProxy</key>
			<string>31E845321AA8B7C600FAC42E</string>
		</dict>
		<key>31E845341AA8B7C600FAC42E</key>
		<dict>
			<key>children</key>
			<array>
				<string>31E845371AA8B7C600FAC42E</string>
				<string>31E845351AA8B7C600FAC42E</string>
			</array>
			<key>isa</key>
			<string>PBXGroup</string>
			<key>path</key>
			<string>FloripaBusRoutesTests</string>
			<key>sourceTree</key>
			<string>&lt;group&gt;</string>
		</dict>
		<key>31E845351AA8B7C600FAC42E</key>
		<dict>
			<key>children</key>
			<array>
				<string>31E845361AA8B7C600FAC42E</string>
				<string>3115E4791AA8E2F100E1E9F9</string>
			</array>
			<key>isa</key>
			<string>PBXGroup</string>
			<key>name</key>
			<string>Supporting Files</string>
			<key>sourceTree</key>
			<string>&lt;group&gt;</string>
		</dict>
		<key>31E845361AA8B7C600FAC42E</key>
		<dict>
			<key>isa</key>
			<string>PBXFileReference</string>
			<key>lastKnownFileType</key>
			<string>text.plist.xml</string>
			<key>path</key>
			<string>Info.plist</string>
			<key>sourceTree</key>
			<string>&lt;group&gt;</string>
		</dict>
		<key>31E845371AA8B7C600FAC42E</key>
		<dict>
			<key>isa</key>
			<string>PBXFileReference</string>
			<key>lastKnownFileType</key>
			<string>sourcecode.swift</string>
			<key>path</key>
			<string>FloripaBusRoutesTests.swift</string>
			<key>sourceTree</key>
			<string>&lt;group&gt;</string>
		</dict>
		<key>31E845381AA8B7C600FAC42E</key>
		<dict>
			<key>fileRef</key>
			<string>31E845371AA8B7C600FAC42E</string>
			<key>isa</key>
			<string>PBXBuildFile</string>
		</dict>
		<key>31E845391AA8B7C600FAC42E</key>
		<dict>
			<key>buildSettings</key>
			<dict>
				<key>ALWAYS_SEARCH_USER_PATHS</key>
				<string>NO</string>
				<key>CLANG_CXX_LANGUAGE_STANDARD</key>
				<string>gnu++0x</string>
				<key>CLANG_CXX_LIBRARY</key>
				<string>libc++</string>
				<key>CLANG_ENABLE_MODULES</key>
				<string>YES</string>
				<key>CLANG_ENABLE_OBJC_ARC</key>
				<string>YES</string>
				<key>CLANG_WARN_BOOL_CONVERSION</key>
				<string>YES</string>
				<key>CLANG_WARN_CONSTANT_CONVERSION</key>
				<string>YES</string>
				<key>CLANG_WARN_DIRECT_OBJC_ISA_USAGE</key>
				<string>YES_ERROR</string>
				<key>CLANG_WARN_EMPTY_BODY</key>
				<string>YES</string>
				<key>CLANG_WARN_ENUM_CONVERSION</key>
				<string>YES</string>
				<key>CLANG_WARN_INT_CONVERSION</key>
				<string>YES</string>
				<key>CLANG_WARN_OBJC_ROOT_CLASS</key>
				<string>YES_ERROR</string>
				<key>CLANG_WARN_UNREACHABLE_CODE</key>
				<string>YES</string>
				<key>CLANG_WARN__DUPLICATE_METHOD_MATCH</key>
				<string>YES</string>
				<key>CODE_SIGN_IDENTITY[sdk=iphoneos*]</key>
				<string>iPhone Developer</string>
				<key>COPY_PHASE_STRIP</key>
				<string>NO</string>
				<key>ENABLE_STRICT_OBJC_MSGSEND</key>
				<string>YES</string>
				<key>GCC_C_LANGUAGE_STANDARD</key>
				<string>gnu99</string>
				<key>GCC_DYNAMIC_NO_PIC</key>
				<string>NO</string>
				<key>GCC_OPTIMIZATION_LEVEL</key>
				<string>0</string>
				<key>GCC_PREPROCESSOR_DEFINITIONS</key>
				<array>
					<string>DEBUG=1</string>
					<string>$(inherited)</string>
				</array>
				<key>GCC_SYMBOLS_PRIVATE_EXTERN</key>
				<string>NO</string>
				<key>GCC_WARN_64_TO_32_BIT_CONVERSION</key>
				<string>YES</string>
				<key>GCC_WARN_ABOUT_RETURN_TYPE</key>
				<string>YES_ERROR</string>
				<key>GCC_WARN_UNDECLARED_SELECTOR</key>
				<string>YES</string>
				<key>GCC_WARN_UNINITIALIZED_AUTOS</key>
				<string>YES_AGGRESSIVE</string>
				<key>GCC_WARN_UNUSED_FUNCTION</key>
				<string>YES</string>
				<key>GCC_WARN_UNUSED_VARIABLE</key>
				<string>YES</string>
				<key>IPHONEOS_DEPLOYMENT_TARGET</key>
				<string>8.1</string>
				<key>MTL_ENABLE_DEBUG_INFO</key>
				<string>YES</string>
				<key>ONLY_ACTIVE_ARCH</key>
				<string>YES</string>
				<key>SDKROOT</key>
				<string>iphoneos</string>
				<key>SWIFT_OPTIMIZATION_LEVEL</key>
				<string>-Onone</string>
				<key>TARGETED_DEVICE_FAMILY</key>
				<string>1,2</string>
			</dict>
			<key>isa</key>
			<string>XCBuildConfiguration</string>
			<key>name</key>
			<string>Debug</string>
		</dict>
		<key>31E8453A1AA8B7C600FAC42E</key>
		<dict>
			<key>buildSettings</key>
			<dict>
				<key>ALWAYS_SEARCH_USER_PATHS</key>
				<string>NO</string>
				<key>CLANG_CXX_LANGUAGE_STANDARD</key>
				<string>gnu++0x</string>
				<key>CLANG_CXX_LIBRARY</key>
				<string>libc++</string>
				<key>CLANG_ENABLE_MODULES</key>
				<string>YES</string>
				<key>CLANG_ENABLE_OBJC_ARC</key>
				<string>YES</string>
				<key>CLANG_WARN_BOOL_CONVERSION</key>
				<string>YES</string>
				<key>CLANG_WARN_CONSTANT_CONVERSION</key>
				<string>YES</string>
				<key>CLANG_WARN_DIRECT_OBJC_ISA_USAGE</key>
				<string>YES_ERROR</string>
				<key>CLANG_WARN_EMPTY_BODY</key>
				<string>YES</string>
				<key>CLANG_WARN_ENUM_CONVERSION</key>
				<string>YES</string>
				<key>CLANG_WARN_INT_CONVERSION</key>
				<string>YES</string>
				<key>CLANG_WARN_OBJC_ROOT_CLASS</key>
				<string>YES_ERROR</string>
				<key>CLANG_WARN_UNREACHABLE_CODE</key>
				<string>YES</string>
				<key>CLANG_WARN__DUPLICATE_METHOD_MATCH</key>
				<string>YES</string>
				<key>CODE_SIGN_IDENTITY[sdk=iphoneos*]</key>
				<string>iPhone Developer</string>
				<key>COPY_PHASE_STRIP</key>
				<string>YES</string>
				<key>ENABLE_NS_ASSERTIONS</key>
				<string>NO</string>
				<key>ENABLE_STRICT_OBJC_MSGSEND</key>
				<string>YES</string>
				<key>GCC_C_LANGUAGE_STANDARD</key>
				<string>gnu99</string>
				<key>GCC_WARN_64_TO_32_BIT_CONVERSION</key>
				<string>YES</string>
				<key>GCC_WARN_ABOUT_RETURN_TYPE</key>
				<string>YES_ERROR</string>
				<key>GCC_WARN_UNDECLARED_SELECTOR</key>
				<string>YES</string>
				<key>GCC_WARN_UNINITIALIZED_AUTOS</key>
				<string>YES_AGGRESSIVE</string>
				<key>GCC_WARN_UNUSED_FUNCTION</key>
				<string>YES</string>
				<key>GCC_WARN_UNUSED_VARIABLE</key>
				<string>YES</string>
				<key>IPHONEOS_DEPLOYMENT_TARGET</key>
				<string>8.1</string>
				<key>MTL_ENABLE_DEBUG_INFO</key>
				<string>NO</string>
				<key>SDKROOT</key>
				<string>iphoneos</string>
				<key>TARGETED_DEVICE_FAMILY</key>
				<string>1,2</string>
				<key>VALIDATE_PRODUCT</key>
				<string>YES</string>
			</dict>
			<key>isa</key>
			<string>XCBuildConfiguration</string>
			<key>name</key>
			<string>Release</string>
		</dict>
		<key>31E8453B1AA8B7C600FAC42E</key>
		<dict>
			<key>buildConfigurations</key>
			<array>
				<string>31E8453C1AA8B7C600FAC42E</string>
				<string>31E8453D1AA8B7C600FAC42E</string>
			</array>
			<key>defaultConfigurationIsVisible</key>
			<string>0</string>
			<key>defaultConfigurationName</key>
			<string>Release</string>
			<key>isa</key>
			<string>XCConfigurationList</string>
		</dict>
		<key>31E8453C1AA8B7C600FAC42E</key>
		<dict>
			<key>baseConfigurationReference</key>
			<string>D8980B261323B3D6C0F78F7A</string>
			<key>buildSettings</key>
			<dict>
				<key>ASSETCATALOG_COMPILER_APPICON_NAME</key>
				<string>AppIcon</string>
				<key>CLANG_ENABLE_MODULES</key>
				<string>YES</string>
				<key>DEFINES_MODULE</key>
				<string>YES</string>
				<key>INFOPLIST_FILE</key>
				<string>FloripaBusRoutes/Info.plist</string>
				<key>LD_RUNPATH_SEARCH_PATHS</key>
				<string>$(inherited) @executable_path/Frameworks</string>
				<key>PRODUCT_NAME</key>
				<string>FloripaBusRoutes</string>
				<key>SWIFT_OBJC_BRIDGING_HEADER</key>
				<string>FloripaBusRoutes/FloripaBusRoutes-Bridging-Header.h</string>
				<key>SWIFT_OPTIMIZATION_LEVEL</key>
				<string>-Onone</string>
			</dict>
			<key>isa</key>
			<string>XCBuildConfiguration</string>
			<key>name</key>
			<string>Debug</string>
		</dict>
		<key>31E8453D1AA8B7C600FAC42E</key>
		<dict>
			<key>baseConfigurationReference</key>
			<string>6804220903B915791BF094AF</string>
			<key>buildSettings</key>
			<dict>
				<key>ASSETCATALOG_COMPILER_APPICON_NAME</key>
				<string>AppIcon</string>
				<key>CLANG_ENABLE_MODULES</key>
				<string>YES</string>
				<key>DEFINES_MODULE</key>
				<string>YES</string>
				<key>INFOPLIST_FILE</key>
				<string>FloripaBusRoutes/Info.plist</string>
				<key>LD_RUNPATH_SEARCH_PATHS</key>
				<string>$(inherited) @executable_path/Frameworks</string>
				<key>PRODUCT_NAME</key>
				<string>FloripaBusRoutes</string>
				<key>SWIFT_OBJC_BRIDGING_HEADER</key>
				<string>FloripaBusRoutes/FloripaBusRoutes-Bridging-Header.h</string>
			</dict>
			<key>isa</key>
			<string>XCBuildConfiguration</string>
			<key>name</key>
			<string>Release</string>
		</dict>
		<key>31E8453E1AA8B7C600FAC42E</key>
		<dict>
			<key>buildConfigurations</key>
			<array>
				<string>31E8453F1AA8B7C600FAC42E</string>
				<string>31E845401AA8B7C600FAC42E</string>
			</array>
			<key>defaultConfigurationIsVisible</key>
			<string>0</string>
			<key>defaultConfigurationName</key>
			<string>Release</string>
			<key>isa</key>
			<string>XCConfigurationList</string>
		</dict>
		<key>31E8453F1AA8B7C600FAC42E</key>
		<dict>
			<key>buildSettings</key>
			<dict>
				<key>BUNDLE_LOADER</key>
				<string>$(TEST_HOST)</string>
				<key>FRAMEWORK_SEARCH_PATHS</key>
				<array>
					<string>$(SDKROOT)/Developer/Library/Frameworks</string>
					<string>$(inherited)</string>
				</array>
				<key>GCC_PREPROCESSOR_DEFINITIONS</key>
				<array>
					<string>DEBUG=1</string>
					<string>$(inherited)</string>
				</array>
				<key>INFOPLIST_FILE</key>
				<string>FloripaBusRoutesTests/Info.plist</string>
				<key>LD_RUNPATH_SEARCH_PATHS</key>
				<string>$(inherited) @executable_path/Frameworks @loader_path/Frameworks</string>
				<key>PRODUCT_NAME</key>
				<string>FloripaBusRoutesFloripaBusRoutess</string>
				<key>SWIFT_OBJC_BRIDGING_HEADER</key>
				<string></string>
				<key>TEST_HOST</key>
				<string>$(BUILT_PRODUCTS_DIR)/FloripaBusRoutes.app/FloripaBusRoutes</string>
			</dict>
			<key>isa</key>
			<string>XCBuildConfiguration</string>
			<key>name</key>
			<string>Debug</string>
		</dict>
		<key>31E845401AA8B7C600FAC42E</key>
		<dict>
			<key>buildSettings</key>
			<dict>
				<key>BUNDLE_LOADER</key>
				<string>$(TEST_HOST)</string>
				<key>FRAMEWORK_SEARCH_PATHS</key>
				<array>
					<string>$(SDKROOT)/Developer/Library/Frameworks</string>
					<string>$(inherited)</string>
				</array>
				<key>INFOPLIST_FILE</key>
				<string>FloripaBusRoutesTests/Info.plist</string>
				<key>LD_RUNPATH_SEARCH_PATHS</key>
				<string>$(inherited) @executable_path/Frameworks @loader_path/Frameworks</string>
				<key>PRODUCT_NAME</key>
				<string>FloripaBusRoutesFloripaBusRoutess</string>
				<key>SWIFT_OBJC_BRIDGING_HEADER</key>
				<string></string>
				<key>TEST_HOST</key>
				<string>$(BUILT_PRODUCTS_DIR)/FloripaBusRoutes.app/FloripaBusRoutes</string>
			</dict>
			<key>isa</key>
			<string>XCBuildConfiguration</string>
			<key>name</key>
			<string>Release</string>
		</dict>
		<key>31E845411AA8B91700FAC42E</key>
		<dict>
			<key>children</key>
			<array>
				<string>31230E561AA8F5AC0049650A</string>
				<string>31230E5C1AA8FE1E0049650A</string>
				<string>3104BAEE1AA9E5D7003E884D</string>
			</array>
			<key>isa</key>
			<string>PBXGroup</string>
			<key>name</key>
			<string>Models</string>
			<key>sourceTree</key>
			<string>&lt;group&gt;</string>
		</dict>
		<key>31E845421AA8B92100FAC42E</key>
		<dict>
			<key>children</key>
			<array>
				<string>3104BAF41AAA3972003E884D</string>
				<string>31E845231AA8B7C500FAC42E</string>
				<string>31E845471AA8BC2C00FAC42E</string>
				<string>31230E621AA920D60049650A</string>
			</array>
			<key>isa</key>
			<string>PBXGroup</string>
			<key>name</key>
			<string>ViewControllers</string>
			<key>sourceTree</key>
			<string>&lt;group&gt;</string>
		</dict>
		<key>31E845431AA8B92900FAC42E</key>
		<dict>
			<key>children</key>
			<array>
				<string>31E845451AA8B94100FAC42E</string>
				<string>31E845441AA8B93B00FAC42E</string>
			</array>
			<key>isa</key>
			<string>PBXGroup</string>
			<key>name</key>
			<string>Network</string>
			<key>sourceTree</key>
			<string>&lt;group&gt;</string>
		</dict>
		<key>31E845441AA8B93B00FAC42E</key>
		<dict>
			<key>children</key>
			<array>
				<string>31230E601AA901F60049650A</string>
				<string>3115E4701AA8D8A000E1E9F9</string>
				<string>31230E5E1AA901710049650A</string>
				<string>3104BAF21AA9E72E003E884D</string>
			</array>
			<key>isa</key>
			<string>PBXGroup</string>
			<key>name</key>
			<string>Requests</string>
			<key>sourceTree</key>
			<string>&lt;group&gt;</string>
		</dict>
		<key>31E845451AA8B94100FAC42E</key>
		<dict>
			<key>children</key>
			<array>
				<string>31230E581AA8FC410049650A</string>
				<string>31230E541AA8F33A0049650A</string>
				<string>31230E5A1AA8FDD80049650A</string>
				<string>3104BAF01AA9E653003E884D</string>
			</array>
			<key>isa</key>
			<string>PBXGroup</string>
			<key>name</key>
			<string>Responses</string>
			<key>sourceTree</key>
			<string>&lt;group&gt;</string>
		</dict>
		<key>31E845461AA8B95700FAC42E</key>
		<dict>
			<key>children</key>
			<array>
				<string>31E845281AA8B7C500FAC42E</string>
				<string>31E845251AA8B7C500FAC42E</string>
				<string>31E8452A1AA8B7C500FAC42E</string>
			</array>
			<key>isa</key>
			<string>PBXGroup</string>
			<key>name</key>
			<string>Views</string>
			<key>sourceTree</key>
			<string>&lt;group&gt;</string>
		</dict>
		<key>31E845471AA8BC2C00FAC42E</key>
		<dict>
			<key>fileEncoding</key>
			<string>4</string>
			<key>isa</key>
			<string>PBXFileReference</string>
			<key>lastKnownFileType</key>
			<string>sourcecode.swift</string>
			<key>name</key>
			<string>RoutesSearchTableViewController.swift</string>
			<key>path</key>
			<string>ViewControllers/RoutesSearchTableViewController.swift</string>
			<key>sourceTree</key>
			<string>&lt;group&gt;</string>
		</dict>
		<key>31E845481AA8BC2C00FAC42E</key>
		<dict>
			<key>fileRef</key>
			<string>31E845471AA8BC2C00FAC42E</string>
			<key>isa</key>
			<string>PBXBuildFile</string>
		</dict>
		<key>31E845491AA8C53300FAC42E</key>
		<dict>
			<key>children</key>
			<array>
				<string>31971E0B1AA8C9780037B44D</string>
				<string>31971E0C1AA8C9780037B44D</string>
				<string>31E8454B1AA8C58C00FAC42E</string>
				<string>31E8454C1AA8C58C00FAC42E</string>
			</array>
			<key>isa</key>
			<string>PBXGroup</string>
			<key>name</key>
			<string>Utils</string>
			<key>sourceTree</key>
			<string>&lt;group&gt;</string>
		</dict>
		<key>31E8454A1AA8C58B00FAC42E</key>
		<dict>
			<key>isa</key>
			<string>PBXFileReference</string>
			<key>lastKnownFileType</key>
			<string>sourcecode.c.h</string>
			<key>path</key>
			<string>FloripaBusRoutes-Bridging-Header.h</string>
			<key>sourceTree</key>
			<string>&lt;group&gt;</string>
		</dict>
		<key>31E8454B1AA8C58C00FAC42E</key>
		<dict>
			<key>fileEncoding</key>
			<string>4</string>
			<key>isa</key>
			<string>PBXFileReference</string>
			<key>lastKnownFileType</key>
			<string>sourcecode.c.h</string>
			<key>path</key>
			<string>ReflectionUtils.h</string>
			<key>sourceTree</key>
			<string>&lt;group&gt;</string>
		</dict>
		<key>31E8454C1AA8C58C00FAC42E</key>
		<dict>
			<key>fileEncoding</key>
			<string>4</string>
			<key>isa</key>
			<string>PBXFileReference</string>
			<key>lastKnownFileType</key>
			<string>sourcecode.c.objc</string>
			<key>path</key>
			<string>ReflectionUtils.m</string>
			<key>sourceTree</key>
			<string>&lt;group&gt;</string>
		</dict>
		<key>31E8454D1AA8C58C00FAC42E</key>
		<dict>
			<key>fileRef</key>
			<string>31E8454C1AA8C58C00FAC42E</string>
			<key>isa</key>
			<string>PBXBuildFile</string>
		</dict>
		<key>31E8454E1AA8C67E00FAC42E</key>
		<dict>
			<key>fileEncoding</key>
			<string>4</string>
			<key>isa</key>
			<string>PBXFileReference</string>
			<key>lastKnownFileType</key>
			<string>sourcecode.c.h</string>
			<key>lineEnding</key>
			<string>0</string>
			<key>path</key>
			<string>BaseRequest.h</string>
			<key>sourceTree</key>
			<string>&lt;group&gt;</string>
			<key>xcLanguageSpecificationIdentifier</key>
			<string>xcode.lang.objcpp</string>
		</dict>
		<key>31E8454F1AA8C67E00FAC42E</key>
		<dict>
			<key>fileEncoding</key>
			<string>4</string>
			<key>isa</key>
			<string>PBXFileReference</string>
			<key>lastKnownFileType</key>
			<string>sourcecode.c.objc</string>
			<key>lineEnding</key>
			<string>0</string>
			<key>path</key>
			<string>BaseRequest.m</string>
			<key>sourceTree</key>
			<string>&lt;group&gt;</string>
			<key>xcLanguageSpecificationIdentifier</key>
			<string>xcode.lang.objcpp</string>
		</dict>
		<key>31E845501AA8C67E00FAC42E</key>
		<dict>
			<key>fileRef</key>
			<string>31E8454F1AA8C67E00FAC42E</string>
			<key>isa</key>
			<string>PBXBuildFile</string>
		</dict>
		<key>31E845511AA8C69A00FAC42E</key>
		<dict>
			<key>fileEncoding</key>
			<string>4</string>
			<key>isa</key>
			<string>PBXFileReference</string>
			<key>lastKnownFileType</key>
			<string>sourcecode.c.h</string>
			<key>lineEnding</key>
			<string>0</string>
			<key>path</key>
			<string>BaseResponse.h</string>
			<key>sourceTree</key>
			<string>&lt;group&gt;</string>
			<key>xcLanguageSpecificationIdentifier</key>
			<string>xcode.lang.objcpp</string>
		</dict>
		<key>31E845521AA8C69A00FAC42E</key>
		<dict>
			<key>fileEncoding</key>
			<string>4</string>
			<key>isa</key>
			<string>PBXFileReference</string>
			<key>lastKnownFileType</key>
			<string>sourcecode.c.objc</string>
			<key>lineEnding</key>
			<string>0</string>
			<key>path</key>
			<string>BaseResponse.m</string>
			<key>sourceTree</key>
			<string>&lt;group&gt;</string>
			<key>xcLanguageSpecificationIdentifier</key>
			<string>xcode.lang.objc</string>
		</dict>
		<key>31E845531AA8C69A00FAC42E</key>
		<dict>
			<key>fileRef</key>
			<string>31E845521AA8C69A00FAC42E</string>
			<key>isa</key>
			<string>PBXBuildFile</string>
		</dict>
		<key>6804220903B915791BF094AF</key>
		<dict>
			<key>includeInIndex</key>
			<string>1</string>
			<key>isa</key>
			<string>PBXFileReference</string>
			<key>lastKnownFileType</key>
			<string>text.xcconfig</string>
			<key>name</key>
			<string>Pods.release.xcconfig</string>
			<key>path</key>
			<string>../Pods/Target Support Files/Pods/Pods.release.xcconfig</string>
			<key>sourceTree</key>
			<string>&lt;group&gt;</string>
		</dict>
		<key>7A9D7C23A6108CA0367079F4</key>
		<dict>
			<key>children</key>
			<array>
				<string>BF06EE1C3AAA6C154CB63552</string>
			</array>
			<key>isa</key>
			<string>PBXGroup</string>
			<key>name</key>
			<string>Frameworks</string>
			<key>sourceTree</key>
			<string>&lt;group&gt;</string>
		</dict>
		<key>9D268B38CFC140284A77A20E</key>
		<dict>
			<key>buildActionMask</key>
			<string>2147483647</string>
			<key>files</key>
			<array/>
			<key>inputPaths</key>
			<array/>
			<key>isa</key>
			<string>PBXShellScriptBuildPhase</string>
			<key>name</key>
			<string>Copy Pods Resources</string>
			<key>outputPaths</key>
			<array/>
			<key>runOnlyForDeploymentPostprocessing</key>
			<string>0</string>
			<key>shellPath</key>
			<string>/bin/sh</string>
			<key>shellScript</key>
			<string>"${SRCROOT}/../Pods/Target Support Files/Pods/Pods-resources.sh"
</string>
			<key>showEnvVarsInLog</key>
			<string>0</string>
		</dict>
		<key>B155E02CCB1DDB2B8BAAB9AD</key>
		<dict>
			<key>fileRef</key>
			<string>BF06EE1C3AAA6C154CB63552</string>
			<key>isa</key>
			<string>PBXBuildFile</string>
		</dict>
		<key>BF06EE1C3AAA6C154CB63552</key>
		<dict>
			<key>explicitFileType</key>
			<string>archive.ar</string>
			<key>includeInIndex</key>
			<string>0</string>
			<key>isa</key>
			<string>PBXFileReference</string>
			<key>path</key>
			<string>libPods.a</string>
			<key>sourceTree</key>
			<string>BUILT_PRODUCTS_DIR</string>
		</dict>
		<key>D8980B261323B3D6C0F78F7A</key>
		<dict>
			<key>includeInIndex</key>
			<string>1</string>
			<key>isa</key>
			<string>PBXFileReference</string>
			<key>lastKnownFileType</key>
			<string>text.xcconfig</string>
			<key>name</key>
			<string>Pods.debug.xcconfig</string>
			<key>path</key>
			<string>../Pods/Target Support Files/Pods/Pods.debug.xcconfig</string>
			<key>sourceTree</key>
			<string>&lt;group&gt;</string>
		</dict>
		<key>DA0F75801384D875D82D9052</key>
		<dict>
			<key>children</key>
			<array>
				<string>D8980B261323B3D6C0F78F7A</string>
				<string>6804220903B915791BF094AF</string>
			</array>
			<key>isa</key>
			<string>PBXGroup</string>
			<key>name</key>
			<string>Pods</string>
			<key>sourceTree</key>
			<string>&lt;group&gt;</string>
		</dict>
		<key>E75ED5E911C0098DA9A26E3B</key>
		<dict>
			<key>buildActionMask</key>
			<string>2147483647</string>
			<key>files</key>
			<array/>
			<key>inputPaths</key>
			<array/>
			<key>isa</key>
			<string>PBXShellScriptBuildPhase</string>
			<key>name</key>
			<string>Check Pods Manifest.lock</string>
			<key>outputPaths</key>
			<array/>
			<key>runOnlyForDeploymentPostprocessing</key>
			<string>0</string>
			<key>shellPath</key>
			<string>/bin/sh</string>
			<key>shellScript</key>
			<string>diff "${PODS_ROOT}/../Podfile.lock" "${PODS_ROOT}/Manifest.lock" &gt; /dev/null
if [[ $? != 0 ]] ; then
    cat &lt;&lt; EOM
error: The sandbox is not in sync with the Podfile.lock. Run 'pod install' or update your CocoaPods installation.
EOM
    exit 1
fi
</string>
			<key>showEnvVarsInLog</key>
			<string>0</string>
		</dict>
	</dict>
	<key>rootObject</key>
	<string>31E845141AA8B7C500FAC42E</string>
</dict>
</plist>
